// !$*UTF8*$!
{
	archiveVersion = 1;
	classes = {
	};
	objectVersion = 56;
	objects = {

/* Begin PBXBuildFile section */
		EA0747982A652E1700F363C6 /* SavedPredictionsView.swift in Sources */ = {isa = PBXBuildFile; fileRef = EA0747972A652E1700F363C6 /* SavedPredictionsView.swift */; };
		EA33174E2A612C380017F8EE /* CardView.swift in Sources */ = {isa = PBXBuildFile; fileRef = EA33174D2A612C380017F8EE /* CardView.swift */; };
		EA3A3C522A617807003C2439 /* MainView.swift in Sources */ = {isa = PBXBuildFile; fileRef = EA3A3C512A617807003C2439 /* MainView.swift */; };
		EA3A3C5A2A629B2F003C2439 /* Realm in Frameworks */ = {isa = PBXBuildFile; productRef = EA3A3C592A629B2F003C2439 /* Realm */; };
		EA3A3C5C2A629B2F003C2439 /* RealmSwift in Frameworks */ = {isa = PBXBuildFile; productRef = EA3A3C5B2A629B2F003C2439 /* RealmSwift */; };
		EA3A3C602A62EE8A003C2439 /* PredictionViewModel.swift in Sources */ = {isa = PBXBuildFile; fileRef = EA3A3C5F2A62EE8A003C2439 /* PredictionViewModel.swift */; };
		EA3DFE472A5D211B00795E73 /* TarotApp.swift in Sources */ = {isa = PBXBuildFile; fileRef = EA3DFE462A5D211B00795E73 /* TarotApp.swift */; };
		EA3DFE492A5D211B00795E73 /* PredictionView.swift in Sources */ = {isa = PBXBuildFile; fileRef = EA3DFE482A5D211B00795E73 /* PredictionView.swift */; };
		EA3DFE4B2A5D211E00795E73 /* Assets.xcassets in Resources */ = {isa = PBXBuildFile; fileRef = EA3DFE4A2A5D211E00795E73 /* Assets.xcassets */; };
		EA3DFE4E2A5D211E00795E73 /* Preview Assets.xcassets in Resources */ = {isa = PBXBuildFile; fileRef = EA3DFE4D2A5D211E00795E73 /* Preview Assets.xcassets */; };
		EA3DFE722A5FCFA100795E73 /* OpenAI in Frameworks */ = {isa = PBXBuildFile; productRef = EA3DFE712A5FCFA100795E73 /* OpenAI */; };
		EA3DFE762A5FFFAF00795E73 /* Card.swift in Sources */ = {isa = PBXBuildFile; fileRef = EA3DFE752A5FFFAF00795E73 /* Card.swift */; };
/* End PBXBuildFile section */

/* Begin PBXFileReference section */
		EA0747972A652E1700F363C6 /* SavedPredictionsView.swift */ = {isa = PBXFileReference; lastKnownFileType = sourcecode.swift; path = SavedPredictionsView.swift; sourceTree = "<group>"; };
		EA33174D2A612C380017F8EE /* CardView.swift */ = {isa = PBXFileReference; lastKnownFileType = sourcecode.swift; path = CardView.swift; sourceTree = "<group>"; };
		EA3A3C512A617807003C2439 /* MainView.swift */ = {isa = PBXFileReference; lastKnownFileType = sourcecode.swift; path = MainView.swift; sourceTree = "<group>"; };
		EA3A3C5F2A62EE8A003C2439 /* PredictionViewModel.swift */ = {isa = PBXFileReference; lastKnownFileType = sourcecode.swift; path = PredictionViewModel.swift; sourceTree = "<group>"; };
		EA3DFE432A5D211B00795E73 /* Tarot.app */ = {isa = PBXFileReference; explicitFileType = wrapper.application; includeInIndex = 0; path = Tarot.app; sourceTree = BUILT_PRODUCTS_DIR; };
		EA3DFE462A5D211B00795E73 /* TarotApp.swift */ = {isa = PBXFileReference; lastKnownFileType = sourcecode.swift; path = TarotApp.swift; sourceTree = "<group>"; };
		EA3DFE482A5D211B00795E73 /* PredictionView.swift */ = {isa = PBXFileReference; lastKnownFileType = sourcecode.swift; path = PredictionView.swift; sourceTree = "<group>"; };
		EA3DFE4A2A5D211E00795E73 /* Assets.xcassets */ = {isa = PBXFileReference; lastKnownFileType = folder.assetcatalog; path = Assets.xcassets; sourceTree = "<group>"; };
		EA3DFE4D2A5D211E00795E73 /* Preview Assets.xcassets */ = {isa = PBXFileReference; lastKnownFileType = folder.assetcatalog; path = "Preview Assets.xcassets"; sourceTree = "<group>"; };
		EA3DFE752A5FFFAF00795E73 /* Card.swift */ = {isa = PBXFileReference; lastKnownFileType = sourcecode.swift; path = Card.swift; sourceTree = "<group>"; };
/* End PBXFileReference section */

/* Begin PBXFrameworksBuildPhase section */
		EA3DFE402A5D211B00795E73 /* Frameworks */ = {
			isa = PBXFrameworksBuildPhase;
			buildActionMask = 2147483647;
			files = (
				EA3A3C5C2A629B2F003C2439 /* RealmSwift in Frameworks */,
				EA3A3C5A2A629B2F003C2439 /* Realm in Frameworks */,
				EA3DFE722A5FCFA100795E73 /* OpenAI in Frameworks */,
			);
			runOnlyForDeploymentPostprocessing = 0;
		};
/* End PBXFrameworksBuildPhase section */

/* Begin PBXGroup section */
		EA33174C2A603D170017F8EE /* Model */ = {
			isa = PBXGroup;
			children = (
				EA3DFE752A5FFFAF00795E73 /* Card.swift */,
			);
			path = Model;
			sourceTree = "<group>";
		};
		EA3A3C532A61780F003C2439 /* View */ = {
			isa = PBXGroup;
			children = (
				EA3A3C512A617807003C2439 /* MainView.swift */,
				EA3DFE482A5D211B00795E73 /* PredictionView.swift */,
				EA0747972A652E1700F363C6 /* SavedPredictionsView.swift */,
				EA3A3C542A617822003C2439 /* Subview */,
			);
			path = View;
			sourceTree = "<group>";
		};
		EA3A3C542A617822003C2439 /* Subview */ = {
			isa = PBXGroup;
			children = (
				EA33174D2A612C380017F8EE /* CardView.swift */,
			);
			path = Subview;
			sourceTree = "<group>";
		};
		EA3A3C572A629130003C2439 /* ViewModel */ = {
			isa = PBXGroup;
			children = (
				EA3A3C5F2A62EE8A003C2439 /* PredictionViewModel.swift */,
			);
			path = ViewModel;
			sourceTree = "<group>";
		};
		EA3DFE3A2A5D211B00795E73 = {
			isa = PBXGroup;
			children = (
				EA3DFE452A5D211B00795E73 /* Tarot */,
				EA3DFE442A5D211B00795E73 /* Products */,
			);
			sourceTree = "<group>";
		};
		EA3DFE442A5D211B00795E73 /* Products */ = {
			isa = PBXGroup;
			children = (
				EA3DFE432A5D211B00795E73 /* Tarot.app */,
			);
			name = Products;
			sourceTree = "<group>";
		};
		EA3DFE452A5D211B00795E73 /* Tarot */ = {
			isa = PBXGroup;
			children = (
				EA3DFE462A5D211B00795E73 /* TarotApp.swift */,
				EA3A3C532A61780F003C2439 /* View */,
				EA3A3C572A629130003C2439 /* ViewModel */,
				EA33174C2A603D170017F8EE /* Model */,
				EA3DFE4A2A5D211E00795E73 /* Assets.xcassets */,
				EA3DFE4C2A5D211E00795E73 /* Preview Content */,
			);
			path = Tarot;
			sourceTree = "<group>";
		};
		EA3DFE4C2A5D211E00795E73 /* Preview Content */ = {
			isa = PBXGroup;
			children = (
				EA3DFE4D2A5D211E00795E73 /* Preview Assets.xcassets */,
			);
			path = "Preview Content";
			sourceTree = "<group>";
		};
/* End PBXGroup section */

/* Begin PBXNativeTarget section */
		EA3DFE422A5D211B00795E73 /* Tarot */ = {
			isa = PBXNativeTarget;
			buildConfigurationList = EA3DFE512A5D211E00795E73 /* Build configuration list for PBXNativeTarget "Tarot" */;
			buildPhases = (
				EA3DFE3F2A5D211B00795E73 /* Sources */,
				EA3DFE402A5D211B00795E73 /* Frameworks */,
				EA3DFE412A5D211B00795E73 /* Resources */,
			);
			buildRules = (
			);
			dependencies = (
			);
			name = Tarot;
			packageProductDependencies = (
				EA3DFE712A5FCFA100795E73 /* OpenAI */,
				EA3A3C592A629B2F003C2439 /* Realm */,
				EA3A3C5B2A629B2F003C2439 /* RealmSwift */,
			);
			productName = Tarot;
			productReference = EA3DFE432A5D211B00795E73 /* Tarot.app */;
			productType = "com.apple.product-type.application";
		};
/* End PBXNativeTarget section */

/* Begin PBXProject section */
		EA3DFE3B2A5D211B00795E73 /* Project object */ = {
			isa = PBXProject;
			attributes = {
				BuildIndependentTargetsInParallel = 1;
				LastSwiftUpdateCheck = 1420;
				LastUpgradeCheck = 1420;
				TargetAttributes = {
					EA3DFE422A5D211B00795E73 = {
						CreatedOnToolsVersion = 14.2;
					};
				};
			};
			buildConfigurationList = EA3DFE3E2A5D211B00795E73 /* Build configuration list for PBXProject "Tarot" */;
			compatibilityVersion = "Xcode 14.0";
			developmentRegion = en;
			hasScannedForEncodings = 0;
			knownRegions = (
				en,
				Base,
			);
			mainGroup = EA3DFE3A2A5D211B00795E73;
			packageReferences = (
				EA3DFE702A5FCFA100795E73 /* XCRemoteSwiftPackageReference "OpenAI" */,
				EA3A3C582A629B2F003C2439 /* XCRemoteSwiftPackageReference "realm-swift" */,
			);
			productRefGroup = EA3DFE442A5D211B00795E73 /* Products */;
			projectDirPath = "";
			projectRoot = "";
			targets = (
				EA3DFE422A5D211B00795E73 /* Tarot */,
			);
		};
/* End PBXProject section */

/* Begin PBXResourcesBuildPhase section */
		EA3DFE412A5D211B00795E73 /* Resources */ = {
			isa = PBXResourcesBuildPhase;
			buildActionMask = 2147483647;
			files = (
				EA3DFE4E2A5D211E00795E73 /* Preview Assets.xcassets in Resources */,
				EA3DFE4B2A5D211E00795E73 /* Assets.xcassets in Resources */,
			);
			runOnlyForDeploymentPostprocessing = 0;
		};
/* End PBXResourcesBuildPhase section */

/* Begin PBXSourcesBuildPhase section */
		EA3DFE3F2A5D211B00795E73 /* Sources */ = {
			isa = PBXSourcesBuildPhase;
			buildActionMask = 2147483647;
			files = (
				EA3DFE762A5FFFAF00795E73 /* Card.swift in Sources */,
				EA3A3C602A62EE8A003C2439 /* PredictionViewModel.swift in Sources */,
				EA0747982A652E1700F363C6 /* SavedPredictionsView.swift in Sources */,
				EA3DFE492A5D211B00795E73 /* PredictionView.swift in Sources */,
				EA33174E2A612C380017F8EE /* CardView.swift in Sources */,
				EA3A3C522A617807003C2439 /* MainView.swift in Sources */,
				EA3DFE472A5D211B00795E73 /* TarotApp.swift in Sources */,
			);
			runOnlyForDeploymentPostprocessing = 0;
		};
/* End PBXSourcesBuildPhase section */

/* Begin XCBuildConfiguration section */
		EA3DFE4F2A5D211E00795E73 /* Debug */ = {
			isa = XCBuildConfiguration;
			buildSettings = {
				ALWAYS_SEARCH_USER_PATHS = NO;
				CLANG_ANALYZER_NONNULL = YES;
				CLANG_ANALYZER_NUMBER_OBJECT_CONVERSION = YES_AGGRESSIVE;
				CLANG_CXX_LANGUAGE_STANDARD = "gnu++20";
				CLANG_ENABLE_MODULES = YES;
				CLANG_ENABLE_OBJC_ARC = YES;
				CLANG_ENABLE_OBJC_WEAK = YES;
				CLANG_WARN_BLOCK_CAPTURE_AUTORELEASING = YES;
				CLANG_WARN_BOOL_CONVERSION = YES;
				CLANG_WARN_COMMA = YES;
				CLANG_WARN_CONSTANT_CONVERSION = YES;
				CLANG_WARN_DEPRECATED_OBJC_IMPLEMENTATIONS = YES;
				CLANG_WARN_DIRECT_OBJC_ISA_USAGE = YES_ERROR;
				CLANG_WARN_DOCUMENTATION_COMMENTS = YES;
				CLANG_WARN_EMPTY_BODY = YES;
				CLANG_WARN_ENUM_CONVERSION = YES;
				CLANG_WARN_INFINITE_RECURSION = YES;
				CLANG_WARN_INT_CONVERSION = YES;
				CLANG_WARN_NON_LITERAL_NULL_CONVERSION = YES;
				CLANG_WARN_OBJC_IMPLICIT_RETAIN_SELF = YES;
				CLANG_WARN_OBJC_LITERAL_CONVERSION = YES;
				CLANG_WARN_OBJC_ROOT_CLASS = YES_ERROR;
				CLANG_WARN_QUOTED_INCLUDE_IN_FRAMEWORK_HEADER = YES;
				CLANG_WARN_RANGE_LOOP_ANALYSIS = YES;
				CLANG_WARN_STRICT_PROTOTYPES = YES;
				CLANG_WARN_SUSPICIOUS_MOVE = YES;
				CLANG_WARN_UNGUARDED_AVAILABILITY = YES_AGGRESSIVE;
				CLANG_WARN_UNREACHABLE_CODE = YES;
				CLANG_WARN__DUPLICATE_METHOD_MATCH = YES;
				COPY_PHASE_STRIP = NO;
				DEBUG_INFORMATION_FORMAT = dwarf;
				ENABLE_STRICT_OBJC_MSGSEND = YES;
				ENABLE_TESTABILITY = YES;
				GCC_C_LANGUAGE_STANDARD = gnu11;
				GCC_DYNAMIC_NO_PIC = NO;
				GCC_NO_COMMON_BLOCKS = YES;
				GCC_OPTIMIZATION_LEVEL = 0;
				GCC_PREPROCESSOR_DEFINITIONS = (
					"DEBUG=1",
					"$(inherited)",
				);
				GCC_WARN_64_TO_32_BIT_CONVERSION = YES;
				GCC_WARN_ABOUT_RETURN_TYPE = YES_ERROR;
				GCC_WARN_UNDECLARED_SELECTOR = YES;
				GCC_WARN_UNINITIALIZED_AUTOS = YES_AGGRESSIVE;
				GCC_WARN_UNUSED_FUNCTION = YES;
				GCC_WARN_UNUSED_VARIABLE = YES;
				IPHONEOS_DEPLOYMENT_TARGET = 16.2;
				MTL_ENABLE_DEBUG_INFO = INCLUDE_SOURCE;
				MTL_FAST_MATH = YES;
				ONLY_ACTIVE_ARCH = YES;
				SDKROOT = iphoneos;
				SWIFT_ACTIVE_COMPILATION_CONDITIONS = DEBUG;
				SWIFT_OPTIMIZATION_LEVEL = "-Onone";
			};
			name = Debug;
		};
		EA3DFE502A5D211E00795E73 /* Release */ = {
			isa = XCBuildConfiguration;
			buildSettings = {
				ALWAYS_SEARCH_USER_PATHS = NO;
				CLANG_ANALYZER_NONNULL = YES;
				CLANG_ANALYZER_NUMBER_OBJECT_CONVERSION = YES_AGGRESSIVE;
				CLANG_CXX_LANGUAGE_STANDARD = "gnu++20";
				CLANG_ENABLE_MODULES = YES;
				CLANG_ENABLE_OBJC_ARC = YES;
				CLANG_ENABLE_OBJC_WEAK = YES;
				CLANG_WARN_BLOCK_CAPTURE_AUTORELEASING = YES;
				CLANG_WARN_BOOL_CONVERSION = YES;
				CLANG_WARN_COMMA = YES;
				CLANG_WARN_CONSTANT_CONVERSION = YES;
				CLANG_WARN_DEPRECATED_OBJC_IMPLEMENTATIONS = YES;
				CLANG_WARN_DIRECT_OBJC_ISA_USAGE = YES_ERROR;
				CLANG_WARN_DOCUMENTATION_COMMENTS = YES;
				CLANG_WARN_EMPTY_BODY = YES;
				CLANG_WARN_ENUM_CONVERSION = YES;
				CLANG_WARN_INFINITE_RECURSION = YES;
				CLANG_WARN_INT_CONVERSION = YES;
				CLANG_WARN_NON_LITERAL_NULL_CONVERSION = YES;
				CLANG_WARN_OBJC_IMPLICIT_RETAIN_SELF = YES;
				CLANG_WARN_OBJC_LITERAL_CONVERSION = YES;
				CLANG_WARN_OBJC_ROOT_CLASS = YES_ERROR;
				CLANG_WARN_QUOTED_INCLUDE_IN_FRAMEWORK_HEADER = YES;
				CLANG_WARN_RANGE_LOOP_ANALYSIS = YES;
				CLANG_WARN_STRICT_PROTOTYPES = YES;
				CLANG_WARN_SUSPICIOUS_MOVE = YES;
				CLANG_WARN_UNGUARDED_AVAILABILITY = YES_AGGRESSIVE;
				CLANG_WARN_UNREACHABLE_CODE = YES;
				CLANG_WARN__DUPLICATE_METHOD_MATCH = YES;
				COPY_PHASE_STRIP = NO;
				DEBUG_INFORMATION_FORMAT = "dwarf-with-dsym";
				ENABLE_NS_ASSERTIONS = NO;
				ENABLE_STRICT_OBJC_MSGSEND = YES;
				GCC_C_LANGUAGE_STANDARD = gnu11;
				GCC_NO_COMMON_BLOCKS = YES;
				GCC_WARN_64_TO_32_BIT_CONVERSION = YES;
				GCC_WARN_ABOUT_RETURN_TYPE = YES_ERROR;
				GCC_WARN_UNDECLARED_SELECTOR = YES;
				GCC_WARN_UNINITIALIZED_AUTOS = YES_AGGRESSIVE;
				GCC_WARN_UNUSED_FUNCTION = YES;
				GCC_WARN_UNUSED_VARIABLE = YES;
				IPHONEOS_DEPLOYMENT_TARGET = 16.2;
				MTL_ENABLE_DEBUG_INFO = NO;
				MTL_FAST_MATH = YES;
				SDKROOT = iphoneos;
				SWIFT_COMPILATION_MODE = wholemodule;
				SWIFT_OPTIMIZATION_LEVEL = "-O";
				VALIDATE_PRODUCT = YES;
			};
			name = Release;
		};
		EA3DFE522A5D211E00795E73 /* Debug */ = {
			isa = XCBuildConfiguration;
			buildSettings = {
				ASSETCATALOG_COMPILER_APPICON_NAME = AppIcon;
				ASSETCATALOG_COMPILER_GLOBAL_ACCENT_COLOR_NAME = AccentColor;
				CODE_SIGN_STYLE = Automatic;
				CURRENT_PROJECT_VERSION = 1;
				DEVELOPMENT_ASSET_PATHS = "\"Tarot/Preview Content\"";
				DEVELOPMENT_TEAM = RSBH48TS8D;
				ENABLE_PREVIEWS = YES;
				GENERATE_INFOPLIST_FILE = YES;
				INFOPLIST_KEY_UIApplicationSceneManifest_Generation = YES;
				INFOPLIST_KEY_UIApplicationSupportsIndirectInputEvents = YES;
				INFOPLIST_KEY_UILaunchScreen_Generation = YES;
				INFOPLIST_KEY_UISupportedInterfaceOrientations = UIInterfaceOrientationPortrait;
				INFOPLIST_KEY_UISupportedInterfaceOrientations_iPad = "UIInterfaceOrientationLandscapeLeft UIInterfaceOrientationLandscapeRight UIInterfaceOrientationPortrait UIInterfaceOrientationPortraitUpsideDown";
				IPHONEOS_DEPLOYMENT_TARGET = 16.0;
				LD_RUNPATH_SEARCH_PATHS = (
					"$(inherited)",
					"@executable_path/Frameworks",
				);
				MARKETING_VERSION = 1.0;
				PRODUCT_BUNDLE_IDENTIFIER = com.DmitryiVelko.Tarot;
				PRODUCT_NAME = "$(TARGET_NAME)";
				SUPPORTED_PLATFORMS = "iphoneos iphonesimulator";
				SUPPORTS_MACCATALYST = NO;
				SUPPORTS_MAC_DESIGNED_FOR_IPHONE_IPAD = NO;
				SWIFT_EMIT_LOC_STRINGS = YES;
				SWIFT_VERSION = 5.0;
				TARGETED_DEVICE_FAMILY = 1;
			};
			name = Debug;
		};
		EA3DFE532A5D211E00795E73 /* Release */ = {
			isa = XCBuildConfiguration;
			buildSettings = {
				ASSETCATALOG_COMPILER_APPICON_NAME = AppIcon;
				ASSETCATALOG_COMPILER_GLOBAL_ACCENT_COLOR_NAME = AccentColor;
				CODE_SIGN_STYLE = Automatic;
				CURRENT_PROJECT_VERSION = 1;
				DEVELOPMENT_ASSET_PATHS = "\"Tarot/Preview Content\"";
				DEVELOPMENT_TEAM = RSBH48TS8D;
				ENABLE_PREVIEWS = YES;
				GENERATE_INFOPLIST_FILE = YES;
				INFOPLIST_KEY_UIApplicationSceneManifest_Generation = YES;
				INFOPLIST_KEY_UIApplicationSupportsIndirectInputEvents = YES;
				INFOPLIST_KEY_UILaunchScreen_Generation = YES;
				INFOPLIST_KEY_UISupportedInterfaceOrientations = UIInterfaceOrientationPortrait;
				INFOPLIST_KEY_UISupportedInterfaceOrientations_iPad = "UIInterfaceOrientationLandscapeLeft UIInterfaceOrientationLandscapeRight UIInterfaceOrientationPortrait UIInterfaceOrientationPortraitUpsideDown";
				IPHONEOS_DEPLOYMENT_TARGET = 16.0;
				LD_RUNPATH_SEARCH_PATHS = (
					"$(inherited)",
					"@executable_path/Frameworks",
				);
				MARKETING_VERSION = 1.0;
				PRODUCT_BUNDLE_IDENTIFIER = com.DmitryiVelko.Tarot;
				PRODUCT_NAME = "$(TARGET_NAME)";
				SUPPORTED_PLATFORMS = "iphoneos iphonesimulator";
				SUPPORTS_MACCATALYST = NO;
				SUPPORTS_MAC_DESIGNED_FOR_IPHONE_IPAD = NO;
				SWIFT_EMIT_LOC_STRINGS = YES;
				SWIFT_VERSION = 5.0;
				TARGETED_DEVICE_FAMILY = 1;
			};
			name = Release;
		};
/* End XCBuildConfiguration section */

/* Begin XCConfigurationList section */
		EA3DFE3E2A5D211B00795E73 /* Build configuration list for PBXProject "Tarot" */ = {
			isa = XCConfigurationList;
			buildConfigurations = (
				EA3DFE4F2A5D211E00795E73 /* Debug */,
				EA3DFE502A5D211E00795E73 /* Release */,
			);
			defaultConfigurationIsVisible = 0;
			defaultConfigurationName = Release;
		};
		EA3DFE512A5D211E00795E73 /* Build configuration list for PBXNativeTarget "Tarot" */ = {
			isa = XCConfigurationList;
			buildConfigurations = (
				EA3DFE522A5D211E00795E73 /* Debug */,
				EA3DFE532A5D211E00795E73 /* Release */,
			);
			defaultConfigurationIsVisible = 0;
			defaultConfigurationName = Release;
		};
/* End XCConfigurationList section */

/* Begin XCRemoteSwiftPackageReference section */
		EA3A3C582A629B2F003C2439 /* XCRemoteSwiftPackageReference "realm-swift" */ = {
			isa = XCRemoteSwiftPackageReference;
			repositoryURL = "https://github.com/realm/realm-swift.git";
			requirement = {
				branch = master;
				kind = branch;
			};
		};
		EA3DFE702A5FCFA100795E73 /* XCRemoteSwiftPackageReference "OpenAI" */ = {
			isa = XCRemoteSwiftPackageReference;
			repositoryURL = "https://github.com/MacPaw/OpenAI.git";
			requirement = {
				kind = upToNextMajorVersion;
				minimumVersion = 0.2.3;
			};
		};
/* End XCRemoteSwiftPackageReference section */

/* Begin XCSwiftPackageProductDependency section */
		EA3A3C592A629B2F003C2439 /* Realm */ = {
			isa = XCSwiftPackageProductDependency;
			package = EA3A3C582A629B2F003C2439 /* XCRemoteSwiftPackageReference "realm-swift" */;
			productName = Realm;
		};
		EA3A3C5B2A629B2F003C2439 /* RealmSwift */ = {
			isa = XCSwiftPackageProductDependency;
			package = EA3A3C582A629B2F003C2439 /* XCRemoteSwiftPackageReference "realm-swift" */;
			productName = RealmSwift;
		};
		EA3DFE712A5FCFA100795E73 /* OpenAI */ = {
			isa = XCSwiftPackageProductDependency;
			package = EA3DFE702A5FCFA100795E73 /* XCRemoteSwiftPackageReference "OpenAI" */;
			productName = OpenAI;
		};
/* End XCSwiftPackageProductDependency section */
	};
	rootObject = EA3DFE3B2A5D211B00795E73 /* Project object */;
}
