// !$*UTF8*$!
{
	archiveVersion = 1;
	classes = {
	};
	objectVersion = 56;
	objects = {

/* Begin PBXBuildFile section */
		EA016CB92A7CFA50005315AF /* SplashScreenView.swift in Sources */ = {isa = PBXBuildFile; fileRef = EA016CB82A7CFA50005315AF /* SplashScreenView.swift */; };
		EA0747982A652E1700F363C6 /* SavedPredictionsView.swift in Sources */ = {isa = PBXBuildFile; fileRef = EA0747972A652E1700F363C6 /* SavedPredictionsView.swift */; };
		EA0903D92A66CF83008C51BA /* .swiftlint.yml in Resources */ = {isa = PBXBuildFile; fileRef = EA0903D82A66CF83008C51BA /* .swiftlint.yml */; };
		EA0903DC2A67A795008C51BA /* ScreenFactory.swift in Sources */ = {isa = PBXBuildFile; fileRef = EA0903DB2A67A795008C51BA /* ScreenFactory.swift */; };
		EA0903DE2A691BCB008C51BA /* PredictionList.swift in Sources */ = {isa = PBXBuildFile; fileRef = EA0903DD2A691BCB008C51BA /* PredictionList.swift */; };
		EA0903E42A694323008C51BA /* Coordinator.swift in Sources */ = {isa = PBXBuildFile; fileRef = EA0903E32A694323008C51BA /* Coordinator.swift */; };
		EA0903E62A6947D5008C51BA /* CoordinatorView.swift in Sources */ = {isa = PBXBuildFile; fileRef = EA0903E52A6947D5008C51BA /* CoordinatorView.swift */; };
		EA0903E92A696F1F008C51BA /* View + hideKeyboard.swift in Sources */ = {isa = PBXBuildFile; fileRef = EA0903E82A696F1E008C51BA /* View + hideKeyboard.swift */; };
		EA0903EE2A6BE77A008C51BA /* Cards.swift in Sources */ = {isa = PBXBuildFile; fileRef = EA0903ED2A6BE77A008C51BA /* Cards.swift */; };
		EA0903F02A6D071B008C51BA /* MainViewModel.swift in Sources */ = {isa = PBXBuildFile; fileRef = EA0903EF2A6D071B008C51BA /* MainViewModel.swift */; };
		EA124F022A7285E70046E1DF /* SavedPredictionsViewModel.swift in Sources */ = {isa = PBXBuildFile; fileRef = EA124F012A7285E70046E1DF /* SavedPredictionsViewModel.swift */; };
		EA25E60C2A7797C2002D1F50 /* Resources.swift in Sources */ = {isa = PBXBuildFile; fileRef = EA25E60B2A7797C2002D1F50 /* Resources.swift */; };
		EA33174E2A612C380017F8EE /* CardView.swift in Sources */ = {isa = PBXBuildFile; fileRef = EA33174D2A612C380017F8EE /* CardView.swift */; };
		EA3A3C522A617807003C2439 /* MainView.swift in Sources */ = {isa = PBXBuildFile; fileRef = EA3A3C512A617807003C2439 /* MainView.swift */; };
		EA3A3C5A2A629B2F003C2439 /* Realm in Frameworks */ = {isa = PBXBuildFile; productRef = EA3A3C592A629B2F003C2439 /* Realm */; };
		EA3A3C5C2A629B2F003C2439 /* RealmSwift in Frameworks */ = {isa = PBXBuildFile; productRef = EA3A3C5B2A629B2F003C2439 /* RealmSwift */; };
		EA3A3C602A62EE8A003C2439 /* PredictionViewModel.swift in Sources */ = {isa = PBXBuildFile; fileRef = EA3A3C5F2A62EE8A003C2439 /* PredictionViewModel.swift */; };
		EA3DFE472A5D211B00795E73 /* TarotApp.swift in Sources */ = {isa = PBXBuildFile; fileRef = EA3DFE462A5D211B00795E73 /* TarotApp.swift */; };
		EA3DFE492A5D211B00795E73 /* PredictionView.swift in Sources */ = {isa = PBXBuildFile; fileRef = EA3DFE482A5D211B00795E73 /* PredictionView.swift */; };
		EA3DFE4B2A5D211E00795E73 /* Assets.xcassets in Resources */ = {isa = PBXBuildFile; fileRef = EA3DFE4A2A5D211E00795E73 /* Assets.xcassets */; };
		EA3DFE4E2A5D211E00795E73 /* Preview Assets.xcassets in Resources */ = {isa = PBXBuildFile; fileRef = EA3DFE4D2A5D211E00795E73 /* Preview Assets.xcassets */; };
		EA3DFE722A5FCFA100795E73 /* OpenAI in Frameworks */ = {isa = PBXBuildFile; productRef = EA3DFE712A5FCFA100795E73 /* OpenAI */; };
		EA3DFE762A5FFFAF00795E73 /* Prediction.swift in Sources */ = {isa = PBXBuildFile; fileRef = EA3DFE752A5FFFAF00795E73 /* Prediction.swift */; };
		EA9902062A7CCB31008ADD92 /* ResourcesApp.swift in Sources */ = {isa = PBXBuildFile; fileRef = EA9902052A7CCB31008ADD92 /* ResourcesApp.swift */; };
		EA9FFF502A66C50D00A3806B /* MainTabView.swift in Sources */ = {isa = PBXBuildFile; fileRef = EA9FFF4F2A66C50D00A3806B /* MainTabView.swift */; };
		EAC6DB752A6E96F400C3D4D4 /* APICaller.swift in Sources */ = {isa = PBXBuildFile; fileRef = EAC6DB742A6E96F400C3D4D4 /* APICaller.swift */; };
		EAC6DB7B2A7138AC00C3D4D4 /* PredictionDetails.swift in Sources */ = {isa = PBXBuildFile; fileRef = EAC6DB7A2A7138AC00C3D4D4 /* PredictionDetails.swift */; };
		EAC6DB7F2A713A5200C3D4D4 /* PredictionCellView.swift in Sources */ = {isa = PBXBuildFile; fileRef = EAC6DB7E2A713A5200C3D4D4 /* PredictionCellView.swift */; };
		EAFFA7782A7398600011011A /* RealmManager.swift in Sources */ = {isa = PBXBuildFile; fileRef = EAFFA7772A7398600011011A /* RealmManager.swift */; };
/* End PBXBuildFile section */

/* Begin PBXFileReference section */
		EA016CB82A7CFA50005315AF /* SplashScreenView.swift */ = {isa = PBXFileReference; lastKnownFileType = sourcecode.swift; path = SplashScreenView.swift; sourceTree = "<group>"; };
		EA0747972A652E1700F363C6 /* SavedPredictionsView.swift */ = {isa = PBXFileReference; lastKnownFileType = sourcecode.swift; path = SavedPredictionsView.swift; sourceTree = "<group>"; };
		EA0903D82A66CF83008C51BA /* .swiftlint.yml */ = {isa = PBXFileReference; lastKnownFileType = text.yaml; path = .swiftlint.yml; sourceTree = "<group>"; };
		EA0903DB2A67A795008C51BA /* ScreenFactory.swift */ = {isa = PBXFileReference; lastKnownFileType = sourcecode.swift; path = ScreenFactory.swift; sourceTree = "<group>"; };
		EA0903DD2A691BCB008C51BA /* PredictionList.swift */ = {isa = PBXFileReference; lastKnownFileType = sourcecode.swift; path = PredictionList.swift; sourceTree = "<group>"; };
		EA0903E32A694323008C51BA /* Coordinator.swift */ = {isa = PBXFileReference; lastKnownFileType = sourcecode.swift; path = Coordinator.swift; sourceTree = "<group>"; };
		EA0903E52A6947D5008C51BA /* CoordinatorView.swift */ = {isa = PBXFileReference; lastKnownFileType = sourcecode.swift; path = CoordinatorView.swift; sourceTree = "<group>"; };
		EA0903E82A696F1E008C51BA /* View + hideKeyboard.swift */ = {isa = PBXFileReference; lastKnownFileType = sourcecode.swift; path = "View + hideKeyboard.swift"; sourceTree = "<group>"; };
		EA0903ED2A6BE77A008C51BA /* Cards.swift */ = {isa = PBXFileReference; lastKnownFileType = sourcecode.swift; path = Cards.swift; sourceTree = "<group>"; };
		EA0903EF2A6D071B008C51BA /* MainViewModel.swift */ = {isa = PBXFileReference; lastKnownFileType = sourcecode.swift; path = MainViewModel.swift; sourceTree = "<group>"; };
		EA124F012A7285E70046E1DF /* SavedPredictionsViewModel.swift */ = {isa = PBXFileReference; lastKnownFileType = sourcecode.swift; path = SavedPredictionsViewModel.swift; sourceTree = "<group>"; };
		EA25E60B2A7797C2002D1F50 /* Resources.swift */ = {isa = PBXFileReference; lastKnownFileType = sourcecode.swift; path = Resources.swift; sourceTree = "<group>"; };
		EA33174D2A612C380017F8EE /* CardView.swift */ = {isa = PBXFileReference; lastKnownFileType = sourcecode.swift; path = CardView.swift; sourceTree = "<group>"; };
		EA3A3C512A617807003C2439 /* MainView.swift */ = {isa = PBXFileReference; lastKnownFileType = sourcecode.swift; path = MainView.swift; sourceTree = "<group>"; };
		EA3A3C5F2A62EE8A003C2439 /* PredictionViewModel.swift */ = {isa = PBXFileReference; lastKnownFileType = sourcecode.swift; path = PredictionViewModel.swift; sourceTree = "<group>"; };
		EA3DFE432A5D211B00795E73 /* Tarot.app */ = {isa = PBXFileReference; explicitFileType = wrapper.application; includeInIndex = 0; path = Tarot.app; sourceTree = BUILT_PRODUCTS_DIR; };
		EA3DFE462A5D211B00795E73 /* TarotApp.swift */ = {isa = PBXFileReference; lastKnownFileType = sourcecode.swift; path = TarotApp.swift; sourceTree = "<group>"; };
		EA3DFE482A5D211B00795E73 /* PredictionView.swift */ = {isa = PBXFileReference; lastKnownFileType = sourcecode.swift; path = PredictionView.swift; sourceTree = "<group>"; };
		EA3DFE4A2A5D211E00795E73 /* Assets.xcassets */ = {isa = PBXFileReference; lastKnownFileType = folder.assetcatalog; path = Assets.xcassets; sourceTree = "<group>"; };
		EA3DFE4D2A5D211E00795E73 /* Preview Assets.xcassets */ = {isa = PBXFileReference; lastKnownFileType = folder.assetcatalog; path = "Preview Assets.xcassets"; sourceTree = "<group>"; };
		EA3DFE752A5FFFAF00795E73 /* Prediction.swift */ = {isa = PBXFileReference; lastKnownFileType = sourcecode.swift; path = Prediction.swift; sourceTree = "<group>"; };
		EA9902052A7CCB31008ADD92 /* ResourcesApp.swift */ = {isa = PBXFileReference; lastKnownFileType = sourcecode.swift; path = ResourcesApp.swift; sourceTree = "<group>"; };
		EA9FFF4F2A66C50D00A3806B /* MainTabView.swift */ = {isa = PBXFileReference; lastKnownFileType = sourcecode.swift; path = MainTabView.swift; sourceTree = "<group>"; };
		EAC6DB742A6E96F400C3D4D4 /* APICaller.swift */ = {isa = PBXFileReference; lastKnownFileType = sourcecode.swift; path = APICaller.swift; sourceTree = "<group>"; };
		EAC6DB7A2A7138AC00C3D4D4 /* PredictionDetails.swift */ = {isa = PBXFileReference; lastKnownFileType = sourcecode.swift; path = PredictionDetails.swift; sourceTree = "<group>"; };
		EAC6DB7E2A713A5200C3D4D4 /* PredictionCellView.swift */ = {isa = PBXFileReference; lastKnownFileType = sourcecode.swift; path = PredictionCellView.swift; sourceTree = "<group>"; };
		EAFFA7772A7398600011011A /* RealmManager.swift */ = {isa = PBXFileReference; lastKnownFileType = sourcecode.swift; path = RealmManager.swift; sourceTree = "<group>"; };
/* End PBXFileReference section */

/* Begin PBXFrameworksBuildPhase section */
		EA3DFE402A5D211B00795E73 /* Frameworks */ = {
			isa = PBXFrameworksBuildPhase;
			buildActionMask = 2147483647;
			files = (
				EA3A3C5C2A629B2F003C2439 /* RealmSwift in Frameworks */,
				EA3A3C5A2A629B2F003C2439 /* Realm in Frameworks */,
				EA3DFE722A5FCFA100795E73 /* OpenAI in Frameworks */,
			);
			runOnlyForDeploymentPostprocessing = 0;
		};
/* End PBXFrameworksBuildPhase section */

/* Begin PBXGroup section */
		EA0903DA2A67A766008C51BA /* Utility */ = {
			isa = PBXGroup;
			children = (
				EA0903DB2A67A795008C51BA /* ScreenFactory.swift */,
			);
			path = Utility;
			sourceTree = "<group>";
		};
		EA0903E22A694303008C51BA /* Coordinator */ = {
			isa = PBXGroup;
			children = (
				EA0903E32A694323008C51BA /* Coordinator.swift */,
				EA0903E52A6947D5008C51BA /* CoordinatorView.swift */,
			);
			path = Coordinator;
			sourceTree = "<group>";
		};
		EA0903E72A696ECF008C51BA /* Extension */ = {
			isa = PBXGroup;
			children = (
				EA0903E82A696F1E008C51BA /* View + hideKeyboard.swift */,
			);
			path = Extension;
			sourceTree = "<group>";
		};
		EA0903EA2A6BDDB5008C51BA /* Resources */ = {
			isa = PBXGroup;
			children = (
				EA25E60B2A7797C2002D1F50 /* Resources.swift */,
				EA9902052A7CCB31008ADD92 /* ResourcesApp.swift */,
			);
			path = Resources;
			sourceTree = "<group>";
		};
		EA33174C2A603D170017F8EE /* Model */ = {
			isa = PBXGroup;
			children = (
				EA0903DD2A691BCB008C51BA /* PredictionList.swift */,
				EA3DFE752A5FFFAF00795E73 /* Prediction.swift */,
				EA0903ED2A6BE77A008C51BA /* Cards.swift */,
				EAC6DB7A2A7138AC00C3D4D4 /* PredictionDetails.swift */,
			);
			path = Model;
			sourceTree = "<group>";
		};
		EA3A3C532A61780F003C2439 /* View */ = {
			isa = PBXGroup;
			children = (
				EA9FFF4F2A66C50D00A3806B /* MainTabView.swift */,
				EA3A3C512A617807003C2439 /* MainView.swift */,
				EA3DFE482A5D211B00795E73 /* PredictionView.swift */,
				EA0747972A652E1700F363C6 /* SavedPredictionsView.swift */,
				EA3A3C542A617822003C2439 /* Subview */,
			);
			path = View;
			sourceTree = "<group>";
		};
		EA3A3C542A617822003C2439 /* Subview */ = {
			isa = PBXGroup;
			children = (
				EA016CB82A7CFA50005315AF /* SplashScreenView.swift */,
				EA33174D2A612C380017F8EE /* CardView.swift */,
				EAC6DB7E2A713A5200C3D4D4 /* PredictionCellView.swift */,
			);
			path = Subview;
			sourceTree = "<group>";
		};
		EA3A3C572A629130003C2439 /* ViewModel */ = {
			isa = PBXGroup;
			children = (
				EA0903EF2A6D071B008C51BA /* MainViewModel.swift */,
				EA3A3C5F2A62EE8A003C2439 /* PredictionViewModel.swift */,
				EA124F012A7285E70046E1DF /* SavedPredictionsViewModel.swift */,
			);
			path = ViewModel;
			sourceTree = "<group>";
		};
		EA3DFE3A2A5D211B00795E73 = {
			isa = PBXGroup;
			children = (
				EA3DFE452A5D211B00795E73 /* Tarot */,
				EA3DFE442A5D211B00795E73 /* Products */,
			);
			sourceTree = "<group>";
		};
		EA3DFE442A5D211B00795E73 /* Products */ = {
			isa = PBXGroup;
			children = (
				EA3DFE432A5D211B00795E73 /* Tarot.app */,
			);
			name = Products;
			sourceTree = "<group>";
		};
		EA3DFE452A5D211B00795E73 /* Tarot */ = {
			isa = PBXGroup;
			children = (
				EA3DFE462A5D211B00795E73 /* TarotApp.swift */,
				EA0903E22A694303008C51BA /* Coordinator */,
				EA3A3C532A61780F003C2439 /* View */,
				EA3A3C572A629130003C2439 /* ViewModel */,
				EA33174C2A603D170017F8EE /* Model */,
				EAC6DB732A6E969F00C3D4D4 /* Manager */,
				EA0903DA2A67A766008C51BA /* Utility */,
				EA0903EA2A6BDDB5008C51BA /* Resources */,
				EA0903E72A696ECF008C51BA /* Extension */,
				EA3DFE4A2A5D211E00795E73 /* Assets.xcassets */,
				EA0903D82A66CF83008C51BA /* .swiftlint.yml */,
				EA3DFE4C2A5D211E00795E73 /* Preview Content */,
			);
			path = Tarot;
			sourceTree = "<group>";
		};
		EA3DFE4C2A5D211E00795E73 /* Preview Content */ = {
			isa = PBXGroup;
			children = (
				EA3DFE4D2A5D211E00795E73 /* Preview Assets.xcassets */,
			);
			path = "Preview Content";
			sourceTree = "<group>";
		};
		EAC6DB732A6E969F00C3D4D4 /* Manager */ = {
			isa = PBXGroup;
			children = (
				EAC6DB742A6E96F400C3D4D4 /* APICaller.swift */,
				EAFFA7772A7398600011011A /* RealmManager.swift */,
			);
			path = Manager;
			sourceTree = "<group>";
		};
/* End PBXGroup section */

/* Begin PBXNativeTarget section */
		EA3DFE422A5D211B00795E73 /* Tarot */ = {
			isa = PBXNativeTarget;
			buildConfigurationList = EA3DFE512A5D211E00795E73 /* Build configuration list for PBXNativeTarget "Tarot" */;
			buildPhases = (
				EA3DFE3F2A5D211B00795E73 /* Sources */,
				EA3DFE402A5D211B00795E73 /* Frameworks */,
				EA3DFE412A5D211B00795E73 /* Resources */,
				EA0903D72A66CDE0008C51BA /* ShellScript */,
			);
			buildRules = (
			);
			dependencies = (
			);
			name = Tarot;
			packageProductDependencies = (
				EA3DFE712A5FCFA100795E73 /* OpenAI */,
				EA3A3C592A629B2F003C2439 /* Realm */,
				EA3A3C5B2A629B2F003C2439 /* RealmSwift */,
			);
			productName = Tarot;
			productReference = EA3DFE432A5D211B00795E73 /* Tarot.app */;
			productType = "com.apple.product-type.application";
		};
/* End PBXNativeTarget section */

/* Begin PBXProject section */
		EA3DFE3B2A5D211B00795E73 /* Project object */ = {
			isa = PBXProject;
			attributes = {
				BuildIndependentTargetsInParallel = 1;
				LastSwiftUpdateCheck = 1420;
				LastUpgradeCheck = 1420;
				TargetAttributes = {
					EA3DFE422A5D211B00795E73 = {
						CreatedOnToolsVersion = 14.2;
					};
				};
			};
			buildConfigurationList = EA3DFE3E2A5D211B00795E73 /* Build configuration list for PBXProject "Tarot" */;
			compatibilityVersion = "Xcode 14.0";
			developmentRegion = en;
			hasScannedForEncodings = 0;
			knownRegions = (
				en,
				Base,
			);
			mainGroup = EA3DFE3A2A5D211B00795E73;
			packageReferences = (
				EA3DFE702A5FCFA100795E73 /* XCRemoteSwiftPackageReference "OpenAI" */,
				EA3A3C582A629B2F003C2439 /* XCRemoteSwiftPackageReference "realm-swift" */,
			);
			productRefGroup = EA3DFE442A5D211B00795E73 /* Products */;
			projectDirPath = "";
			projectRoot = "";
			targets = (
				EA3DFE422A5D211B00795E73 /* Tarot */,
			);
		};
/* End PBXProject section */

/* Begin PBXResourcesBuildPhase section */
		EA3DFE412A5D211B00795E73 /* Resources */ = {
			isa = PBXResourcesBuildPhase;
			buildActionMask = 2147483647;
			files = (
				EA0903D92A66CF83008C51BA /* .swiftlint.yml in Resources */,
				EA3DFE4E2A5D211E00795E73 /* Preview Assets.xcassets in Resources */,
				EA3DFE4B2A5D211E00795E73 /* Assets.xcassets in Resources */,
			);
			runOnlyForDeploymentPostprocessing = 0;
		};
/* End PBXResourcesBuildPhase section */

/* Begin PBXShellScriptBuildPhase section */
		EA0903D72A66CDE0008C51BA /* ShellScript */ = {
			isa = PBXShellScriptBuildPhase;
			buildActionMask = 2147483647;
			files = (
			);
			inputFileListPaths = (
			);
			inputPaths = (
			);
			outputFileListPaths = (
			);
			outputPaths = (
			);
			runOnlyForDeploymentPostprocessing = 0;
			shellPath = /bin/sh;
			shellScript = "# Type a script or drag a script file from your workspace to insert its path.\nif which swiftlint >/dev/null; then\n  swiftlint\nelse\n  echo \"warning: SwiftLint not installed, download from https://github.com/realm/SwiftLint\"\nfi\n";
		};
/* End PBXShellScriptBuildPhase section */

/* Begin PBXSourcesBuildPhase section */
		EA3DFE3F2A5D211B00795E73 /* Sources */ = {
			isa = PBXSourcesBuildPhase;
			buildActionMask = 2147483647;
			files = (
				EA3DFE762A5FFFAF00795E73 /* Prediction.swift in Sources */,
				EA124F022A7285E70046E1DF /* SavedPredictionsViewModel.swift in Sources */,
				EA3A3C602A62EE8A003C2439 /* PredictionViewModel.swift in Sources */,
				EA0903EE2A6BE77A008C51BA /* Cards.swift in Sources */,
				EAFFA7782A7398600011011A /* RealmManager.swift in Sources */,
				EA9902062A7CCB31008ADD92 /* ResourcesApp.swift in Sources */,
				EAC6DB7B2A7138AC00C3D4D4 /* PredictionDetails.swift in Sources */,
				EA016CB92A7CFA50005315AF /* SplashScreenView.swift in Sources */,
				EA0747982A652E1700F363C6 /* SavedPredictionsView.swift in Sources */,
				EA0903DC2A67A795008C51BA /* ScreenFactory.swift in Sources */,
				EA0903E92A696F1F008C51BA /* View + hideKeyboard.swift in Sources */,
				EA25E60C2A7797C2002D1F50 /* Resources.swift in Sources */,
				EA0903F02A6D071B008C51BA /* MainViewModel.swift in Sources */,
				EA3DFE492A5D211B00795E73 /* PredictionView.swift in Sources */,
				EA9FFF502A66C50D00A3806B /* MainTabView.swift in Sources */,
				EA33174E2A612C380017F8EE /* CardView.swift in Sources */,
				EA0903E42A694323008C51BA /* Coordinator.swift in Sources */,
				EAC6DB752A6E96F400C3D4D4 /* APICaller.swift in Sources */,
				EAC6DB7F2A713A5200C3D4D4 /* PredictionCellView.swift in Sources */,
				EA0903E62A6947D5008C51BA /* CoordinatorView.swift in Sources */,
				EA3A3C522A617807003C2439 /* MainView.swift in Sources */,
				EA3DFE472A5D211B00795E73 /* TarotApp.swift in Sources */,
				EA0903DE2A691BCB008C51BA /* PredictionList.swift in Sources */,
			);
			runOnlyForDeploymentPostprocessing = 0;
		};
/* End PBXSourcesBuildPhase section */

/* Begin XCBuildConfiguration section */
		EA3DFE4F2A5D211E00795E73 /* Debug */ = {
			isa = XCBuildConfiguration;
			buildSettings = {
				ALWAYS_SEARCH_USER_PATHS = NO;
				CLANG_ANALYZER_NONNULL = YES;
				CLANG_ANALYZER_NUMBER_OBJECT_CONVERSION = YES_AGGRESSIVE;
				CLANG_CXX_LANGUAGE_STANDARD = "gnu++20";
				CLANG_ENABLE_MODULES = YES;
				CLANG_ENABLE_OBJC_ARC = YES;
				CLANG_ENABLE_OBJC_WEAK = YES;
				CLANG_WARN_BLOCK_CAPTURE_AUTORELEASING = YES;
				CLANG_WARN_BOOL_CONVERSION = YES;
				CLANG_WARN_COMMA = YES;
				CLANG_WARN_CONSTANT_CONVERSION = YES;
				CLANG_WARN_DEPRECATED_OBJC_IMPLEMENTATIONS = YES;
				CLANG_WARN_DIRECT_OBJC_ISA_USAGE = YES_ERROR;
				CLANG_WARN_DOCUMENTATION_COMMENTS = YES;
				CLANG_WARN_EMPTY_BODY = YES;
				CLANG_WARN_ENUM_CONVERSION = YES;
				CLANG_WARN_INFINITE_RECURSION = YES;
				CLANG_WARN_INT_CONVERSION = YES;
				CLANG_WARN_NON_LITERAL_NULL_CONVERSION = YES;
				CLANG_WARN_OBJC_IMPLICIT_RETAIN_SELF = YES;
				CLANG_WARN_OBJC_LITERAL_CONVERSION = YES;
				CLANG_WARN_OBJC_ROOT_CLASS = YES_ERROR;
				CLANG_WARN_QUOTED_INCLUDE_IN_FRAMEWORK_HEADER = YES;
				CLANG_WARN_RANGE_LOOP_ANALYSIS = YES;
				CLANG_WARN_STRICT_PROTOTYPES = YES;
				CLANG_WARN_SUSPICIOUS_MOVE = YES;
				CLANG_WARN_UNGUARDED_AVAILABILITY = YES_AGGRESSIVE;
				CLANG_WARN_UNREACHABLE_CODE = YES;
				CLANG_WARN__DUPLICATE_METHOD_MATCH = YES;
				COPY_PHASE_STRIP = NO;
				DEBUG_INFORMATION_FORMAT = dwarf;
				ENABLE_STRICT_OBJC_MSGSEND = YES;
				ENABLE_TESTABILITY = YES;
				GCC_C_LANGUAGE_STANDARD = gnu11;
				GCC_DYNAMIC_NO_PIC = NO;
				GCC_NO_COMMON_BLOCKS = YES;
				GCC_OPTIMIZATION_LEVEL = 0;
				GCC_PREPROCESSOR_DEFINITIONS = (
					"DEBUG=1",
					"$(inherited)",
				);
				GCC_WARN_64_TO_32_BIT_CONVERSION = YES;
				GCC_WARN_ABOUT_RETURN_TYPE = YES_ERROR;
				GCC_WARN_UNDECLARED_SELECTOR = YES;
				GCC_WARN_UNINITIALIZED_AUTOS = YES_AGGRESSIVE;
				GCC_WARN_UNUSED_FUNCTION = YES;
				GCC_WARN_UNUSED_VARIABLE = YES;
				IPHONEOS_DEPLOYMENT_TARGET = 16.2;
				MTL_ENABLE_DEBUG_INFO = INCLUDE_SOURCE;
				MTL_FAST_MATH = YES;
				ONLY_ACTIVE_ARCH = YES;
				SDKROOT = iphoneos;
				SWIFT_ACTIVE_COMPILATION_CONDITIONS = DEBUG;
				SWIFT_OPTIMIZATION_LEVEL = "-Onone";
			};
			name = Debug;
		};
		EA3DFE502A5D211E00795E73 /* Release */ = {
			isa = XCBuildConfiguration;
			buildSettings = {
				ALWAYS_SEARCH_USER_PATHS = NO;
				CLANG_ANALYZER_NONNULL = YES;
				CLANG_ANALYZER_NUMBER_OBJECT_CONVERSION = YES_AGGRESSIVE;
				CLANG_CXX_LANGUAGE_STANDARD = "gnu++20";
				CLANG_ENABLE_MODULES = YES;
				CLANG_ENABLE_OBJC_ARC = YES;
				CLANG_ENABLE_OBJC_WEAK = YES;
				CLANG_WARN_BLOCK_CAPTURE_AUTORELEASING = YES;
				CLANG_WARN_BOOL_CONVERSION = YES;
				CLANG_WARN_COMMA = YES;
				CLANG_WARN_CONSTANT_CONVERSION = YES;
				CLANG_WARN_DEPRECATED_OBJC_IMPLEMENTATIONS = YES;
				CLANG_WARN_DIRECT_OBJC_ISA_USAGE = YES_ERROR;
				CLANG_WARN_DOCUMENTATION_COMMENTS = YES;
				CLANG_WARN_EMPTY_BODY = YES;
				CLANG_WARN_ENUM_CONVERSION = YES;
				CLANG_WARN_INFINITE_RECURSION = YES;
				CLANG_WARN_INT_CONVERSION = YES;
				CLANG_WARN_NON_LITERAL_NULL_CONVERSION = YES;
				CLANG_WARN_OBJC_IMPLICIT_RETAIN_SELF = YES;
				CLANG_WARN_OBJC_LITERAL_CONVERSION = YES;
				CLANG_WARN_OBJC_ROOT_CLASS = YES_ERROR;
				CLANG_WARN_QUOTED_INCLUDE_IN_FRAMEWORK_HEADER = YES;
				CLANG_WARN_RANGE_LOOP_ANALYSIS = YES;
				CLANG_WARN_STRICT_PROTOTYPES = YES;
				CLANG_WARN_SUSPICIOUS_MOVE = YES;
				CLANG_WARN_UNGUARDED_AVAILABILITY = YES_AGGRESSIVE;
				CLANG_WARN_UNREACHABLE_CODE = YES;
				CLANG_WARN__DUPLICATE_METHOD_MATCH = YES;
				COPY_PHASE_STRIP = NO;
				DEBUG_INFORMATION_FORMAT = "dwarf-with-dsym";
				ENABLE_NS_ASSERTIONS = NO;
				ENABLE_STRICT_OBJC_MSGSEND = YES;
				GCC_C_LANGUAGE_STANDARD = gnu11;
				GCC_NO_COMMON_BLOCKS = YES;
				GCC_WARN_64_TO_32_BIT_CONVERSION = YES;
				GCC_WARN_ABOUT_RETURN_TYPE = YES_ERROR;
				GCC_WARN_UNDECLARED_SELECTOR = YES;
				GCC_WARN_UNINITIALIZED_AUTOS = YES_AGGRESSIVE;
				GCC_WARN_UNUSED_FUNCTION = YES;
				GCC_WARN_UNUSED_VARIABLE = YES;
				IPHONEOS_DEPLOYMENT_TARGET = 16.2;
				MTL_ENABLE_DEBUG_INFO = NO;
				MTL_FAST_MATH = YES;
				SDKROOT = iphoneos;
				SWIFT_COMPILATION_MODE = wholemodule;
				SWIFT_OPTIMIZATION_LEVEL = "-O";
				VALIDATE_PRODUCT = YES;
			};
			name = Release;
		};
		EA3DFE522A5D211E00795E73 /* Debug */ = {
			isa = XCBuildConfiguration;
			buildSettings = {
				ASSETCATALOG_COMPILER_APPICON_NAME = AppIcon;
				ASSETCATALOG_COMPILER_GLOBAL_ACCENT_COLOR_NAME = AccentColor;
				CODE_SIGN_STYLE = Automatic;
				CURRENT_PROJECT_VERSION = 1;
				DEVELOPMENT_ASSET_PATHS = "\"Tarot/Preview Content\"";
				DEVELOPMENT_TEAM = RSBH48TS8D;
				ENABLE_PREVIEWS = YES;
				GENERATE_INFOPLIST_FILE = YES;
				INFOPLIST_KEY_UIApplicationSceneManifest_Generation = YES;
				INFOPLIST_KEY_UIApplicationSupportsIndirectInputEvents = YES;
				INFOPLIST_KEY_UILaunchScreen_Generation = YES;
				INFOPLIST_KEY_UIStatusBarStyle = "";
				INFOPLIST_KEY_UISupportedInterfaceOrientations = UIInterfaceOrientationPortrait;
				INFOPLIST_KEY_UISupportedInterfaceOrientations_iPad = "UIInterfaceOrientationLandscapeLeft UIInterfaceOrientationLandscapeRight UIInterfaceOrientationPortrait UIInterfaceOrientationPortraitUpsideDown";
				IPHONEOS_DEPLOYMENT_TARGET = 16.0;
				LD_RUNPATH_SEARCH_PATHS = (
					"$(inherited)",
					"@executable_path/Frameworks",
				);
				MARKETING_VERSION = 1.0;
				PRODUCT_BUNDLE_IDENTIFIER = com.DmitryiVelko.Tarot;
				PRODUCT_NAME = "$(TARGET_NAME)";
				SUPPORTED_PLATFORMS = "iphoneos iphonesimulator";
				SUPPORTS_MACCATALYST = NO;
				SUPPORTS_MAC_DESIGNED_FOR_IPHONE_IPAD = NO;
				SWIFT_EMIT_LOC_STRINGS = YES;
				SWIFT_VERSION = 5.0;
				TARGETED_DEVICE_FAMILY = 1;
			};
			name = Debug;
		};
		EA3DFE532A5D211E00795E73 /* Release */ = {
			isa = XCBuildConfiguration;
			buildSettings = {
				ASSETCATALOG_COMPILER_APPICON_NAME = AppIcon;
				ASSETCATALOG_COMPILER_GLOBAL_ACCENT_COLOR_NAME = AccentColor;
				CODE_SIGN_STYLE = Automatic;
				CURRENT_PROJECT_VERSION = 1;
				DEVELOPMENT_ASSET_PATHS = "\"Tarot/Preview Content\"";
				DEVELOPMENT_TEAM = RSBH48TS8D;
				ENABLE_PREVIEWS = YES;
				GENERATE_INFOPLIST_FILE = YES;
				INFOPLIST_KEY_UIApplicationSceneManifest_Generation = YES;
				INFOPLIST_KEY_UIApplicationSupportsIndirectInputEvents = YES;
				INFOPLIST_KEY_UILaunchScreen_Generation = YES;
				INFOPLIST_KEY_UIStatusBarStyle = "";
				INFOPLIST_KEY_UISupportedInterfaceOrientations = UIInterfaceOrientationPortrait;
				INFOPLIST_KEY_UISupportedInterfaceOrientations_iPad = "UIInterfaceOrientationLandscapeLeft UIInterfaceOrientationLandscapeRight UIInterfaceOrientationPortrait UIInterfaceOrientationPortraitUpsideDown";
				IPHONEOS_DEPLOYMENT_TARGET = 16.0;
				LD_RUNPATH_SEARCH_PATHS = (
					"$(inherited)",
					"@executable_path/Frameworks",
				);
				MARKETING_VERSION = 1.0;
				PRODUCT_BUNDLE_IDENTIFIER = com.DmitryiVelko.Tarot;
				PRODUCT_NAME = "$(TARGET_NAME)";
				SUPPORTED_PLATFORMS = "iphoneos iphonesimulator";
				SUPPORTS_MACCATALYST = NO;
				SUPPORTS_MAC_DESIGNED_FOR_IPHONE_IPAD = NO;
				SWIFT_EMIT_LOC_STRINGS = YES;
				SWIFT_VERSION = 5.0;
				TARGETED_DEVICE_FAMILY = 1;
			};
			name = Release;
		};
/* End XCBuildConfiguration section */

/* Begin XCConfigurationList section */
		EA3DFE3E2A5D211B00795E73 /* Build configuration list for PBXProject "Tarot" */ = {
			isa = XCConfigurationList;
			buildConfigurations = (
				EA3DFE4F2A5D211E00795E73 /* Debug */,
				EA3DFE502A5D211E00795E73 /* Release */,
			);
			defaultConfigurationIsVisible = 0;
			defaultConfigurationName = Release;
		};
		EA3DFE512A5D211E00795E73 /* Build configuration list for PBXNativeTarget "Tarot" */ = {
			isa = XCConfigurationList;
			buildConfigurations = (
				EA3DFE522A5D211E00795E73 /* Debug */,
				EA3DFE532A5D211E00795E73 /* Release */,
			);
			defaultConfigurationIsVisible = 0;
			defaultConfigurationName = Release;
		};
/* End XCConfigurationList section */

/* Begin XCRemoteSwiftPackageReference section */
		EA3A3C582A629B2F003C2439 /* XCRemoteSwiftPackageReference "realm-swift" */ = {
			isa = XCRemoteSwiftPackageReference;
			repositoryURL = "https://github.com/realm/realm-swift.git";
			requirement = {
				branch = master;
				kind = branch;
			};
		};
		EA3DFE702A5FCFA100795E73 /* XCRemoteSwiftPackageReference "OpenAI" */ = {
			isa = XCRemoteSwiftPackageReference;
			repositoryURL = "https://github.com/MacPaw/OpenAI.git";
			requirement = {
				kind = upToNextMajorVersion;
				minimumVersion = 0.2.3;
			};
		};
/* End XCRemoteSwiftPackageReference section */

/* Begin XCSwiftPackageProductDependency section */
		EA3A3C592A629B2F003C2439 /* Realm */ = {
			isa = XCSwiftPackageProductDependency;
			package = EA3A3C582A629B2F003C2439 /* XCRemoteSwiftPackageReference "realm-swift" */;
			productName = Realm;
		};
		EA3A3C5B2A629B2F003C2439 /* RealmSwift */ = {
			isa = XCSwiftPackageProductDependency;
			package = EA3A3C582A629B2F003C2439 /* XCRemoteSwiftPackageReference "realm-swift" */;
			productName = RealmSwift;
		};
		EA3DFE712A5FCFA100795E73 /* OpenAI */ = {
			isa = XCSwiftPackageProductDependency;
			package = EA3DFE702A5FCFA100795E73 /* XCRemoteSwiftPackageReference "OpenAI" */;
			productName = OpenAI;
		};
/* End XCSwiftPackageProductDependency section */
	};
	rootObject = EA3DFE3B2A5D211B00795E73 /* Project object */;
}
